
Microsoft Visual Studio Solution File, Format Version 12.00
# Visual Studio 2012
Project("{FAE04EC0-301F-11D3-BF4B-00C04F79EFBC}") = "SocketServerApp", "SocketServerApp\SocketServerApp.csproj", "{659963C3-606C-4AA0-80A0-F9D661047760}"
EndProject
Project("{FAE04EC0-301F-11D3-BF4B-00C04F79EFBC}") = "DemoServer", "DemoServer\DemoServer.csproj", "{B7A20F2B-64AF-4994-BDA2-33AC57F212C3}"
EndProject
Global
	GlobalSection(SolutionConfigurationPlatforms) = preSolution
		Debug|Any CPU = Debug|Any CPU
		Release|Any CPU = Release|Any CPU
	EndGlobalSection
	GlobalSection(ProjectConfigurationPlatforms) = postSolution
		{659963C3-606C-4AA0-80A0-F9D661047760}.Debug|Any CPU.ActiveCfg = Debug|Any CPU
		{659963C3-606C-4AA0-80A0-F9D661047760}.Debug|Any CPU.Build.0 = Debug|Any CPU
		{659963C3-606C-4AA0-80A0-F9D661047760}.Release|Any CPU.ActiveCfg = Release|Any CPU
		{659963C3-606C-4AA0-80A0-F9D661047760}.Release|Any CPU.Build.0 = Release|Any CPU
		{B7A20F2B-64AF-4994-BDA2-33AC57F212C3}.Debug|Any CPU.ActiveCfg = Debug|Any CPU
		{B7A20F2B-64AF-4994-BDA2-33AC57F212C3}.Debug|Any CPU.Build.0 = Debug|Any CPU
		{B7A20F2B-64AF-4994-BDA2-33AC57F212C3}.Release|Any CPU.ActiveCfg = Release|Any CPU
		{B7A20F2B-64AF-4994-BDA2-33AC57F212C3}.Release|Any CPU.Build.0 = Release|Any CPU
	EndGlobalSection
	GlobalSection(SolutionProperties) = preSolution
		HideSolutionNode = FALSE
	EndGlobalSection
EndGlobal
