
Microsoft Visual Studio Solution File, Format Version 11.00
# Visual Studio 2010
Project("{2150E333-8FDC-42A3-9474-1A3956D46DE8}") = "FlipBookSample", "FlipBookSample", "{BA61F526-B771-45B3-BA99-419D26C9AC3D}"
EndProject
Project("{2150E333-8FDC-42A3-9474-1A3956D46DE8}") = "ReaderControlSample", "ReaderControlSample", "{6BC586FF-50FA-4590-AAD4-F6B2125F2FFD}"
EndProject
Project("{FAE04EC0-301F-11D3-BF4B-00C04F79EFBC}") = "FlipBookSample.Web", "FlipBookSample\FlipBookSample.Web\FlipBookSample.Web.csproj", "{138ACFD7-A616-42CF-9EB2-9538557A077C}"
EndProject
Project("{FAE04EC0-301F-11D3-BF4B-00C04F79EFBC}") = "ReaderControlSample.Web", "ReaderControlSample\ReaderControlSample.Web\ReaderControlSample.Web.csproj", "{D8B2A5E2-ED0D-4F48-9EF2-9654B7F7008A}"
EndProject
Project("{2150E333-8FDC-42A3-9474-1A3956D46DE8}") = "SilverDox Tutorial", "SilverDox Tutorial", "{84861C54-8C52-4C6C-8AA5-E5A177CFFCD0}"
EndProject
Project("{FAE04EC0-301F-11D3-BF4B-00C04F79EFBC}") = "SilverDoxTutorial.Web", "SilverDox Tutorial\SilverDox Tutorial.Web\SilverDoxTutorial.Web.csproj", "{789F5678-1FE7-49C1-89E3-E806B3CD82A3}"
EndProject
Project("{2150E333-8FDC-42A3-9474-1A3956D46DE8}") = "FileBrowserSample", "FileBrowserSample", "{6DD6D44F-312B-4692-ABEE-6BCE769CDEDB}"
EndProject
Project("{FAE04EC0-301F-11D3-BF4B-00C04F79EFBC}") = "FileBrowserSample.Web", "FileBrowserSample\FileBrowserSample.Web\FileBrowserSample.Web.csproj", "{F41745A4-E734-46FF-B4B9-CF515691EF94}"
EndProject
Project("{2150E333-8FDC-42A3-9474-1A3956D46DE8}") = "Common", "Common", "{4A20D7FA-280A-44CC-A3D3-A5B51C7BD847}"
EndProject
Project("{2150E333-8FDC-42A3-9474-1A3956D46DE8}") = "AnnotationsSample", "AnnotationsSample", "{F9762BA7-E974-4A04-8611-C96D5ED6A27A}"
EndProject
Project("{FAE04EC0-301F-11D3-BF4B-00C04F79EFBC}") = "Annotations.Web", "Annotations\Annotations.Web\Annotations.Web.csproj", "{3EBB95DF-DF66-4885-972E-D84C7D0A1DD2}"
EndProject
Project("{2150E333-8FDC-42A3-9474-1A3956D46DE8}") = "StreamingSample", "StreamingSample", "{F2E60094-E6B7-4863-904C-EA9ADE1B7E8C}"
EndProject
Project("{FAE04EC0-301F-11D3-BF4B-00C04F79EFBC}") = "StreamingSample.Web", "StreamingSample\StreamingSample.Web\StreamingSample.Web.csproj", "{92BABC03-475E-42AC-84BB-81DD4D08EF39}"
EndProject
Project("{FAE04EC0-301F-11D3-BF4B-00C04F79EFBC}") = "Annotations-SL5", "Annotations\Annotations\Annotations-SL5.csproj", "{AFE06EB3-1042-4D36-B05C-EE83055FE7B1}"
EndProject
Project("{FAE04EC0-301F-11D3-BF4B-00C04F79EFBC}") = "ReaderControl-SL5", "ReaderControl\ReaderControl-SL5.csproj", "{9E96D3CB-2340-44E5-BCFB-CA9F1EFE071E}"
EndProject
Project("{FAE04EC0-301F-11D3-BF4B-00C04F79EFBC}") = "FileBrowserSample-SL5", "FileBrowserSample\FileBrowserSample\FileBrowserSample-SL5.csproj", "{7AD941D3-85DD-4349-A949-7ED9B7C25F63}"
EndProject
Project("{FAE04EC0-301F-11D3-BF4B-00C04F79EFBC}") = "FlipBookSample-SL5", "FlipBookSample\FlipBookSample\FlipBookSample-SL5.csproj", "{92FE1A12-4E2C-492B-AB53-CE51C703BDA5}"
EndProject
Project("{FAE04EC0-301F-11D3-BF4B-00C04F79EFBC}") = "SLMitsuControls-SL5", "FlipBookSample\SLMitsuControls\SLMitsuControls-SL5.csproj", "{32A1603F-3698-47DC-BB94-A256006C079F}"
EndProject
Project("{FAE04EC0-301F-11D3-BF4B-00C04F79EFBC}") = "ReaderControlSample-SL5", "ReaderControlSample\ReaderControlSample\ReaderControlSample-SL5.csproj", "{FDD57D45-9C02-42B1-81EC-07447A7ED2DE}"
EndProject
Project("{FAE04EC0-301F-11D3-BF4B-00C04F79EFBC}") = "SilverDoxTutorial-SL5", "SilverDox Tutorial\SilverDox Tutorial\SilverDoxTutorial-SL5.csproj", "{3573F1B2-25A3-430E-8998-8D127FC122A3}"
EndProject
Project("{FAE04EC0-301F-11D3-BF4B-00C04F79EFBC}") = "StreamingSample-SL5", "StreamingSample\StreamingSample\StreamingSample-SL5.csproj", "{19DD6ADB-156A-4C23-971D-C4C6CE82B983}"
EndProject
Global
	GlobalSection(SolutionConfigurationPlatforms) = preSolution
		Debug|Any CPU = Debug|Any CPU
		Release|Any CPU = Release|Any CPU
	EndGlobalSection
	GlobalSection(ProjectConfigurationPlatforms) = postSolution
		{138ACFD7-A616-42CF-9EB2-9538557A077C}.Debug|Any CPU.ActiveCfg = Debug|Any CPU
		{138ACFD7-A616-42CF-9EB2-9538557A077C}.Debug|Any CPU.Build.0 = Debug|Any CPU
		{138ACFD7-A616-42CF-9EB2-9538557A077C}.Release|Any CPU.ActiveCfg = Release|Any CPU
		{138ACFD7-A616-42CF-9EB2-9538557A077C}.Release|Any CPU.Build.0 = Release|Any CPU
		{D8B2A5E2-ED0D-4F48-9EF2-9654B7F7008A}.Debug|Any CPU.ActiveCfg = Debug|Any CPU
		{D8B2A5E2-ED0D-4F48-9EF2-9654B7F7008A}.Debug|Any CPU.Build.0 = Debug|Any CPU
		{D8B2A5E2-ED0D-4F48-9EF2-9654B7F7008A}.Release|Any CPU.ActiveCfg = Release|Any CPU
		{D8B2A5E2-ED0D-4F48-9EF2-9654B7F7008A}.Release|Any CPU.Build.0 = Release|Any CPU
		{789F5678-1FE7-49C1-89E3-E806B3CD82A3}.Debug|Any CPU.ActiveCfg = Debug|Any CPU
		{789F5678-1FE7-49C1-89E3-E806B3CD82A3}.Debug|Any CPU.Build.0 = Debug|Any CPU
		{789F5678-1FE7-49C1-89E3-E806B3CD82A3}.Release|Any CPU.ActiveCfg = Release|Any CPU
		{789F5678-1FE7-49C1-89E3-E806B3CD82A3}.Release|Any CPU.Build.0 = Release|Any CPU
		{F41745A4-E734-46FF-B4B9-CF515691EF94}.Debug|Any CPU.ActiveCfg = Debug|Any CPU
		{F41745A4-E734-46FF-B4B9-CF515691EF94}.Debug|Any CPU.Build.0 = Debug|Any CPU
		{F41745A4-E734-46FF-B4B9-CF515691EF94}.Release|Any CPU.ActiveCfg = Release|Any CPU
		{F41745A4-E734-46FF-B4B9-CF515691EF94}.Release|Any CPU.Build.0 = Release|Any CPU
		{3EBB95DF-DF66-4885-972E-D84C7D0A1DD2}.Debug|Any CPU.ActiveCfg = Debug|Any CPU
		{3EBB95DF-DF66-4885-972E-D84C7D0A1DD2}.Debug|Any CPU.Build.0 = Debug|Any CPU
		{3EBB95DF-DF66-4885-972E-D84C7D0A1DD2}.Release|Any CPU.ActiveCfg = Release|Any CPU
		{3EBB95DF-DF66-4885-972E-D84C7D0A1DD2}.Release|Any CPU.Build.0 = Release|Any CPU
		{92BABC03-475E-42AC-84BB-81DD4D08EF39}.Debug|Any CPU.ActiveCfg = Debug|Any CPU
		{92BABC03-475E-42AC-84BB-81DD4D08EF39}.Debug|Any CPU.Build.0 = Debug|Any CPU
		{92BABC03-475E-42AC-84BB-81DD4D08EF39}.Release|Any CPU.ActiveCfg = Release|Any CPU
		{92BABC03-475E-42AC-84BB-81DD4D08EF39}.Release|Any CPU.Build.0 = Release|Any CPU
		{AFE06EB3-1042-4D36-B05C-EE83055FE7B1}.Debug|Any CPU.ActiveCfg = Debug|Any CPU
		{AFE06EB3-1042-4D36-B05C-EE83055FE7B1}.Debug|Any CPU.Build.0 = Debug|Any CPU
		{AFE06EB3-1042-4D36-B05C-EE83055FE7B1}.Release|Any CPU.ActiveCfg = Release|Any CPU
		{AFE06EB3-1042-4D36-B05C-EE83055FE7B1}.Release|Any CPU.Build.0 = Release|Any CPU
		{9E96D3CB-2340-44E5-BCFB-CA9F1EFE071E}.Debug|Any CPU.ActiveCfg = Debug|Any CPU
		{9E96D3CB-2340-44E5-BCFB-CA9F1EFE071E}.Debug|Any CPU.Build.0 = Debug|Any CPU
		{9E96D3CB-2340-44E5-BCFB-CA9F1EFE071E}.Release|Any CPU.ActiveCfg = Release|Any CPU
		{9E96D3CB-2340-44E5-BCFB-CA9F1EFE071E}.Release|Any CPU.Build.0 = Release|Any CPU
		{7AD941D3-85DD-4349-A949-7ED9B7C25F63}.Debug|Any CPU.ActiveCfg = Debug|Any CPU
		{7AD941D3-85DD-4349-A949-7ED9B7C25F63}.Debug|Any CPU.Build.0 = Debug|Any CPU
		{7AD941D3-85DD-4349-A949-7ED9B7C25F63}.Release|Any CPU.ActiveCfg = Release|Any CPU
		{7AD941D3-85DD-4349-A949-7ED9B7C25F63}.Release|Any CPU.Build.0 = Release|Any CPU
		{92FE1A12-4E2C-492B-AB53-CE51C703BDA5}.Debug|Any CPU.ActiveCfg = Debug|Any CPU
		{92FE1A12-4E2C-492B-AB53-CE51C703BDA5}.Debug|Any CPU.Build.0 = Debug|Any CPU
		{92FE1A12-4E2C-492B-AB53-CE51C703BDA5}.Release|Any CPU.ActiveCfg = Release|Any CPU
		{92FE1A12-4E2C-492B-AB53-CE51C703BDA5}.Release|Any CPU.Build.0 = Release|Any CPU
		{32A1603F-3698-47DC-BB94-A256006C079F}.Debug|Any CPU.ActiveCfg = Debug|Any CPU
		{32A1603F-3698-47DC-BB94-A256006C079F}.Debug|Any CPU.Build.0 = Debug|Any CPU
		{32A1603F-3698-47DC-BB94-A256006C079F}.Release|Any CPU.ActiveCfg = Release|Any CPU
		{32A1603F-3698-47DC-BB94-A256006C079F}.Release|Any CPU.Build.0 = Release|Any CPU
		{FDD57D45-9C02-42B1-81EC-07447A7ED2DE}.Debug|Any CPU.ActiveCfg = Debug|Any CPU
		{FDD57D45-9C02-42B1-81EC-07447A7ED2DE}.Debug|Any CPU.Build.0 = Debug|Any CPU
		{FDD57D45-9C02-42B1-81EC-07447A7ED2DE}.Release|Any CPU.ActiveCfg = Release|Any CPU
		{FDD57D45-9C02-42B1-81EC-07447A7ED2DE}.Release|Any CPU.Build.0 = Release|Any CPU
		{3573F1B2-25A3-430E-8998-8D127FC122A3}.Debug|Any CPU.ActiveCfg = Debug|Any CPU
		{3573F1B2-25A3-430E-8998-8D127FC122A3}.Debug|Any CPU.Build.0 = Debug|Any CPU
		{3573F1B2-25A3-430E-8998-8D127FC122A3}.Release|Any CPU.ActiveCfg = Release|Any CPU
		{3573F1B2-25A3-430E-8998-8D127FC122A3}.Release|Any CPU.Build.0 = Release|Any CPU
		{19DD6ADB-156A-4C23-971D-C4C6CE82B983}.Debug|Any CPU.ActiveCfg = Debug|Any CPU
		{19DD6ADB-156A-4C23-971D-C4C6CE82B983}.Debug|Any CPU.Build.0 = Debug|Any CPU
		{19DD6ADB-156A-4C23-971D-C4C6CE82B983}.Release|Any CPU.ActiveCfg = Release|Any CPU
		{19DD6ADB-156A-4C23-971D-C4C6CE82B983}.Release|Any CPU.Build.0 = Release|Any CPU
	EndGlobalSection
	GlobalSection(SolutionProperties) = preSolution
		HideSolutionNode = FALSE
	EndGlobalSection
	GlobalSection(NestedProjects) = preSolution
		{138ACFD7-A616-42CF-9EB2-9538557A077C} = {BA61F526-B771-45B3-BA99-419D26C9AC3D}
		{92FE1A12-4E2C-492B-AB53-CE51C703BDA5} = {BA61F526-B771-45B3-BA99-419D26C9AC3D}
		{32A1603F-3698-47DC-BB94-A256006C079F} = {BA61F526-B771-45B3-BA99-419D26C9AC3D}
		{D8B2A5E2-ED0D-4F48-9EF2-9654B7F7008A} = {6BC586FF-50FA-4590-AAD4-F6B2125F2FFD}
		{FDD57D45-9C02-42B1-81EC-07447A7ED2DE} = {6BC586FF-50FA-4590-AAD4-F6B2125F2FFD}
		{789F5678-1FE7-49C1-89E3-E806B3CD82A3} = {84861C54-8C52-4C6C-8AA5-E5A177CFFCD0}
		{3573F1B2-25A3-430E-8998-8D127FC122A3} = {84861C54-8C52-4C6C-8AA5-E5A177CFFCD0}
		{F41745A4-E734-46FF-B4B9-CF515691EF94} = {6DD6D44F-312B-4692-ABEE-6BCE769CDEDB}
		{7AD941D3-85DD-4349-A949-7ED9B7C25F63} = {6DD6D44F-312B-4692-ABEE-6BCE769CDEDB}
		{9E96D3CB-2340-44E5-BCFB-CA9F1EFE071E} = {4A20D7FA-280A-44CC-A3D3-A5B51C7BD847}
		{3EBB95DF-DF66-4885-972E-D84C7D0A1DD2} = {F9762BA7-E974-4A04-8611-C96D5ED6A27A}
		{AFE06EB3-1042-4D36-B05C-EE83055FE7B1} = {F9762BA7-E974-4A04-8611-C96D5ED6A27A}
		{92BABC03-475E-42AC-84BB-81DD4D08EF39} = {F2E60094-E6B7-4863-904C-EA9ADE1B7E8C}
		{19DD6ADB-156A-4C23-971D-C4C6CE82B983} = {F2E60094-E6B7-4863-904C-EA9ADE1B7E8C}
	EndGlobalSection
EndGlobal
