
Microsoft Visual Studio Solution File, Format Version 11.00
# Visual Studio 2010
Project("{FAE04EC0-301F-11D3-BF4B-00C04F79EFBC}") = "FlipBookSample.Web", "FlipBookSample.Web\FlipBookSample.Web.csproj", "{138ACFD7-A616-42CF-9EB2-9538557A077C}"
EndProject
Project("{FAE04EC0-301F-11D3-BF4B-00C04F79EFBC}") = "SLMitsuControls-SL4", "SLMitsuControls\SLMitsuControls-SL4.csproj", "{32A1603F-3698-47DC-BB94-A256006C079F}"
EndProject
Project("{FAE04EC0-301F-11D3-BF4B-00C04F79EFBC}") = "FlipBookSample-SL4", "FlipBookSample\FlipBookSample-SL4.csproj", "{92FE1A12-4E2C-492B-AB53-CE51C703BDA5}"
EndProject
Global
	GlobalSection(SolutionConfigurationPlatforms) = preSolution
		Debug|Any CPU = Debug|Any CPU
		Release|Any CPU = Release|Any CPU
	EndGlobalSection
	GlobalSection(ProjectConfigurationPlatforms) = postSolution
		{138ACFD7-A616-42CF-9EB2-9538557A077C}.Debug|Any CPU.ActiveCfg = Debug|Any CPU
		{138ACFD7-A616-42CF-9EB2-9538557A077C}.Debug|Any CPU.Build.0 = Debug|Any CPU
		{138ACFD7-A616-42CF-9EB2-9538557A077C}.Release|Any CPU.ActiveCfg = Release|Any CPU
		{138ACFD7-A616-42CF-9EB2-9538557A077C}.Release|Any CPU.Build.0 = Release|Any CPU
		{32A1603F-3698-47DC-BB94-A256006C079F}.Debug|Any CPU.ActiveCfg = Debug|Any CPU
		{32A1603F-3698-47DC-BB94-A256006C079F}.Debug|Any CPU.Build.0 = Debug|Any CPU
		{32A1603F-3698-47DC-BB94-A256006C079F}.Release|Any CPU.ActiveCfg = Release|Any CPU
		{32A1603F-3698-47DC-BB94-A256006C079F}.Release|Any CPU.Build.0 = Release|Any CPU
		{92FE1A12-4E2C-492B-AB53-CE51C703BDA5}.Debug|Any CPU.ActiveCfg = Debug|Any CPU
		{92FE1A12-4E2C-492B-AB53-CE51C703BDA5}.Debug|Any CPU.Build.0 = Debug|Any CPU
		{92FE1A12-4E2C-492B-AB53-CE51C703BDA5}.Release|Any CPU.ActiveCfg = Release|Any CPU
		{92FE1A12-4E2C-492B-AB53-CE51C703BDA5}.Release|Any CPU.Build.0 = Release|Any CPU
	EndGlobalSection
	GlobalSection(SolutionProperties) = preSolution
		HideSolutionNode = FALSE
	EndGlobalSection
EndGlobal
