
Microsoft Visual Studio Solution File, Format Version 11.00
# Visual Studio 2010
Project("{FAE04EC0-301F-11D3-BF4B-00C04F79EFBC}") = "ReaderControlSample.Web", "ReaderControlSample.Web\ReaderControlSample.Web.csproj", "{D8B2A5E2-ED0D-4F48-9EF2-9654B7F7008A}"
EndProject
Project("{FAE04EC0-301F-11D3-BF4B-00C04F79EFBC}") = "ReaderControl-SL4", "..\ReaderControl\ReaderControl-SL4.csproj", "{449DE1BB-AC4B-4F10-97A4-0D20E80FB492}"
EndProject
Project("{FAE04EC0-301F-11D3-BF4B-00C04F79EFBC}") = "ReaderControlSample-SL4", "ReaderControlSample\ReaderControlSample-SL4.csproj", "{FDD57D45-9C02-42B1-81EC-07447A7ED2DE}"
EndProject
Global
	GlobalSection(SolutionConfigurationPlatforms) = preSolution
		Debug|Any CPU = Debug|Any CPU
		Deploy|Any CPU = Deploy|Any CPU
		Release|Any CPU = Release|Any CPU
	EndGlobalSection
	GlobalSection(ProjectConfigurationPlatforms) = postSolution
		{D8B2A5E2-ED0D-4F48-9EF2-9654B7F7008A}.Debug|Any CPU.ActiveCfg = Debug|Any CPU
		{D8B2A5E2-ED0D-4F48-9EF2-9654B7F7008A}.Debug|Any CPU.Build.0 = Debug|Any CPU
		{D8B2A5E2-ED0D-4F48-9EF2-9654B7F7008A}.Deploy|Any CPU.ActiveCfg = Deploy|Any CPU
		{D8B2A5E2-ED0D-4F48-9EF2-9654B7F7008A}.Deploy|Any CPU.Build.0 = Deploy|Any CPU
		{D8B2A5E2-ED0D-4F48-9EF2-9654B7F7008A}.Release|Any CPU.ActiveCfg = Release|Any CPU
		{D8B2A5E2-ED0D-4F48-9EF2-9654B7F7008A}.Release|Any CPU.Build.0 = Release|Any CPU
		{449DE1BB-AC4B-4F10-97A4-0D20E80FB492}.Debug|Any CPU.ActiveCfg = Debug|Any CPU
		{449DE1BB-AC4B-4F10-97A4-0D20E80FB492}.Debug|Any CPU.Build.0 = Debug|Any CPU
		{449DE1BB-AC4B-4F10-97A4-0D20E80FB492}.Deploy|Any CPU.ActiveCfg = Debug|Any CPU
		{449DE1BB-AC4B-4F10-97A4-0D20E80FB492}.Deploy|Any CPU.Build.0 = Debug|Any CPU
		{449DE1BB-AC4B-4F10-97A4-0D20E80FB492}.Release|Any CPU.ActiveCfg = Release|Any CPU
		{449DE1BB-AC4B-4F10-97A4-0D20E80FB492}.Release|Any CPU.Build.0 = Release|Any CPU
		{FDD57D45-9C02-42B1-81EC-07447A7ED2DE}.Debug|Any CPU.ActiveCfg = Debug|Any CPU
		{FDD57D45-9C02-42B1-81EC-07447A7ED2DE}.Debug|Any CPU.Build.0 = Debug|Any CPU
		{FDD57D45-9C02-42B1-81EC-07447A7ED2DE}.Deploy|Any CPU.ActiveCfg = Debug|Any CPU
		{FDD57D45-9C02-42B1-81EC-07447A7ED2DE}.Deploy|Any CPU.Build.0 = Debug|Any CPU
		{FDD57D45-9C02-42B1-81EC-07447A7ED2DE}.Release|Any CPU.ActiveCfg = Release|Any CPU
		{FDD57D45-9C02-42B1-81EC-07447A7ED2DE}.Release|Any CPU.Build.0 = Release|Any CPU
	EndGlobalSection
	GlobalSection(SolutionProperties) = preSolution
		HideSolutionNode = FALSE
	EndGlobalSection
EndGlobal
