
Microsoft Visual Studio Solution File, Format Version 11.00
# Visual Studio 2010
Project("{FAE04EC0-301F-11D3-BF4B-00C04F79EFBC}") = "Annotations.Web", "Annotations.Web\Annotations.Web.csproj", "{3EBB95DF-DF66-4885-972E-D84C7D0A1DD2}"
EndProject
Project("{FAE04EC0-301F-11D3-BF4B-00C04F79EFBC}") = "Annotations-SL5", "Annotations\Annotations-SL5.csproj", "{AFE06EB3-1042-4D36-B05C-EE83055FE7B1}"
EndProject
Global
	GlobalSection(SolutionConfigurationPlatforms) = preSolution
		Debug|Any CPU = Debug|Any CPU
		Release|Any CPU = Release|Any CPU
	EndGlobalSection
	GlobalSection(ProjectConfigurationPlatforms) = postSolution
		{3EBB95DF-DF66-4885-972E-D84C7D0A1DD2}.Debug|Any CPU.ActiveCfg = Debug|Any CPU
		{3EBB95DF-DF66-4885-972E-D84C7D0A1DD2}.Debug|Any CPU.Build.0 = Debug|Any CPU
		{3EBB95DF-DF66-4885-972E-D84C7D0A1DD2}.Release|Any CPU.ActiveCfg = Release|Any CPU
		{3EBB95DF-DF66-4885-972E-D84C7D0A1DD2}.Release|Any CPU.Build.0 = Release|Any CPU
		{AFE06EB3-1042-4D36-B05C-EE83055FE7B1}.Debug|Any CPU.ActiveCfg = Debug|Any CPU
		{AFE06EB3-1042-4D36-B05C-EE83055FE7B1}.Debug|Any CPU.Build.0 = Debug|Any CPU
		{AFE06EB3-1042-4D36-B05C-EE83055FE7B1}.Release|Any CPU.ActiveCfg = Release|Any CPU
		{AFE06EB3-1042-4D36-B05C-EE83055FE7B1}.Release|Any CPU.Build.0 = Release|Any CPU
	EndGlobalSection
	GlobalSection(SolutionProperties) = preSolution
		HideSolutionNode = FALSE
	EndGlobalSection
EndGlobal
