
Microsoft Visual Studio Solution File, Format Version 12.00
# Visual Studio 2012
Project("{FAE04EC0-301F-11D3-BF4B-00C04F79EFBC}") = "CreaditTerm", "CreaditTerm\CreaditTerm.csproj", "{ACCF928A-E702-4FE6-BB39-C3BED526232E}"
EndProject
Project("{FAE04EC0-301F-11D3-BF4B-00C04F79EFBC}") = "Demo", "Demo\Demo.csproj", "{9769E3BA-0B5B-48BC-A418-E7825F5461B2}"
EndProject
Global
	GlobalSection(SolutionConfigurationPlatforms) = preSolution
		Debug|Any CPU = Debug|Any CPU
		Release|Any CPU = Release|Any CPU
	EndGlobalSection
	GlobalSection(ProjectConfigurationPlatforms) = postSolution
		{ACCF928A-E702-4FE6-BB39-C3BED526232E}.Debug|Any CPU.ActiveCfg = Debug|Any CPU
		{ACCF928A-E702-4FE6-BB39-C3BED526232E}.Debug|Any CPU.Build.0 = Debug|Any CPU
		{ACCF928A-E702-4FE6-BB39-C3BED526232E}.Release|Any CPU.ActiveCfg = Release|Any CPU
		{ACCF928A-E702-4FE6-BB39-C3BED526232E}.Release|Any CPU.Build.0 = Release|Any CPU
		{9769E3BA-0B5B-48BC-A418-E7825F5461B2}.Debug|Any CPU.ActiveCfg = Debug|Any CPU
		{9769E3BA-0B5B-48BC-A418-E7825F5461B2}.Debug|Any CPU.Build.0 = Debug|Any CPU
		{9769E3BA-0B5B-48BC-A418-E7825F5461B2}.Release|Any CPU.ActiveCfg = Release|Any CPU
		{9769E3BA-0B5B-48BC-A418-E7825F5461B2}.Release|Any CPU.Build.0 = Release|Any CPU
	EndGlobalSection
	GlobalSection(SolutionProperties) = preSolution
		HideSolutionNode = FALSE
	EndGlobalSection
EndGlobal
